
Microsoft Visual Studio Solution File, Format Version 12.00
# Visual Studio 15
VisualStudioVersion = 15.0.26430.6
MinimumVisualStudioVersion = 10.0.40219.1
Project("{2150E333-8FDC-42A3-9474-1A3956D46DE8}") = "ServiceLayer", "ServiceLayer", "{C4FC4016-6949-423E-A9C1-82A2A37A4960}"
EndProject
Project("{FAE04EC0-301F-11D3-BF4B-00C04F79EFBC}") = "HrTrackServiceHost", "..\HrTrackServiceHost\HrTrackServiceHost.csproj", "{8B1034C1-5052-4678-87C3-3827D02C300E}"
EndProject
Project("{2150E333-8FDC-42A3-9474-1A3956D46DE8}") = "HrTrack Service Layer", "HrTrack Service Layer", "{2E33EBF7-EE48-4932-A178-B33041249DA5}"
EndProject
Project("{FAE04EC0-301F-11D3-BF4B-00C04F79EFBC}") = "HrTrackService", "HrTrackService\HrTrackService.csproj", "{15B96077-10FD-4F70-9857-CD66A0209081}"
EndProject
Project("{FAE04EC0-301F-11D3-BF4B-00C04F79EFBC}") = "HrTrackServiceContracts", "HrTrackServiceContracts\HrTrackServiceContracts.csproj", "{58F4B67E-B797-42D7-A8BC-5F230B35405B}"
EndProject
Project("{2150E333-8FDC-42A3-9474-1A3956D46DE8}") = "DataLayer", "DataLayer", "{DA524F8F-4A99-4F83-8C42-AD46589B6DCA}"
EndProject
Project("{FAE04EC0-301F-11D3-BF4B-00C04F79EFBC}") = "DataModels", "DataModels\DataModels.csproj", "{4D28304C-C39E-4368-8DA8-D9497BDD1556}"
EndProject
Global
	GlobalSection(SolutionConfigurationPlatforms) = preSolution
		Debug|Any CPU = Debug|Any CPU
		Release|Any CPU = Release|Any CPU
	EndGlobalSection
	GlobalSection(ProjectConfigurationPlatforms) = postSolution
		{8B1034C1-5052-4678-87C3-3827D02C300E}.Debug|Any CPU.ActiveCfg = Debug|Any CPU
		{8B1034C1-5052-4678-87C3-3827D02C300E}.Debug|Any CPU.Build.0 = Debug|Any CPU
		{8B1034C1-5052-4678-87C3-3827D02C300E}.Release|Any CPU.ActiveCfg = Release|Any CPU
		{8B1034C1-5052-4678-87C3-3827D02C300E}.Release|Any CPU.Build.0 = Release|Any CPU
		{15B96077-10FD-4F70-9857-CD66A0209081}.Debug|Any CPU.ActiveCfg = Debug|Any CPU
		{15B96077-10FD-4F70-9857-CD66A0209081}.Debug|Any CPU.Build.0 = Debug|Any CPU
		{15B96077-10FD-4F70-9857-CD66A0209081}.Release|Any CPU.ActiveCfg = Release|Any CPU
		{15B96077-10FD-4F70-9857-CD66A0209081}.Release|Any CPU.Build.0 = Release|Any CPU
		{58F4B67E-B797-42D7-A8BC-5F230B35405B}.Debug|Any CPU.ActiveCfg = Debug|Any CPU
		{58F4B67E-B797-42D7-A8BC-5F230B35405B}.Debug|Any CPU.Build.0 = Debug|Any CPU
		{58F4B67E-B797-42D7-A8BC-5F230B35405B}.Release|Any CPU.ActiveCfg = Release|Any CPU
		{58F4B67E-B797-42D7-A8BC-5F230B35405B}.Release|Any CPU.Build.0 = Release|Any CPU
		{4D28304C-C39E-4368-8DA8-D9497BDD1556}.Debug|Any CPU.ActiveCfg = Debug|Any CPU
		{4D28304C-C39E-4368-8DA8-D9497BDD1556}.Debug|Any CPU.Build.0 = Debug|Any CPU
		{4D28304C-C39E-4368-8DA8-D9497BDD1556}.Release|Any CPU.ActiveCfg = Release|Any CPU
		{4D28304C-C39E-4368-8DA8-D9497BDD1556}.Release|Any CPU.Build.0 = Release|Any CPU
	EndGlobalSection
	GlobalSection(SolutionProperties) = preSolution
		HideSolutionNode = FALSE
	EndGlobalSection
	GlobalSection(NestedProjects) = preSolution
		{8B1034C1-5052-4678-87C3-3827D02C300E} = {C4FC4016-6949-423E-A9C1-82A2A37A4960}
		{2E33EBF7-EE48-4932-A178-B33041249DA5} = {C4FC4016-6949-423E-A9C1-82A2A37A4960}
		{15B96077-10FD-4F70-9857-CD66A0209081} = {2E33EBF7-EE48-4932-A178-B33041249DA5}
		{58F4B67E-B797-42D7-A8BC-5F230B35405B} = {2E33EBF7-EE48-4932-A178-B33041249DA5}
		{4D28304C-C39E-4368-8DA8-D9497BDD1556} = {DA524F8F-4A99-4F83-8C42-AD46589B6DCA}
	EndGlobalSection
EndGlobal
